
Microsoft Visual Studio Solution File, Format Version 12.00
# Visual Studio Version 17
VisualStudioVersion = 17.2.32616.157
MinimumVisualStudioVersion = 10.0.40219.1
Project("{FAE04EC0-301F-11D3-BF4B-00C04F79EFBC}") = "Implmenting Custom List", "Implmenting Custom List\Implmenting Custom List.csproj", "{5CA5789F-9250-4BB3-89B2-F053A8A56E4F}"
EndProject
Global
	GlobalSection(SolutionConfigurationPlatforms) = preSolution
		Debug|Any CPU = Debug|Any CPU
		Release|Any CPU = Release|Any CPU
	EndGlobalSection
	GlobalSection(ProjectConfigurationPlatforms) = postSolution
		{5CA5789F-9250-4BB3-89B2-F053A8A56E4F}.Debug|Any CPU.ActiveCfg = Debug|Any CPU
		{5CA5789F-9250-4BB3-89B2-F053A8A56E4F}.Debug|Any CPU.Build.0 = Debug|Any CPU
		{5CA5789F-9250-4BB3-89B2-F053A8A56E4F}.Release|Any CPU.ActiveCfg = Release|Any CPU
		{5CA5789F-9250-4BB3-89B2-F053A8A56E4F}.Release|Any CPU.Build.0 = Release|Any CPU
	EndGlobalSection
	GlobalSection(SolutionProperties) = preSolution
		HideSolutionNode = FALSE
	EndGlobalSection
	GlobalSection(ExtensibilityGlobals) = postSolution
		SolutionGuid = {6735FBBD-324F-40B3-8CA8-A209043997F3}
	EndGlobalSection
EndGlobal
