
Microsoft Visual Studio Solution File, Format Version 12.00
# Visual Studio Version 17
VisualStudioVersion = 17.2.32616.157
MinimumVisualStudioVersion = 10.0.40219.1
Project("{9A19103F-16F7-4668-BE54-9A1E7A4F7556}") = "01.TilesMaster", "01.TilesMaster\01.TilesMaster.csproj", "{1AFD04AC-2FBF-42FE-9A3D-C0B901090F09}"
EndProject
Project("{9A19103F-16F7-4668-BE54-9A1E7A4F7556}") = "02.WallDestroyer", "02.WallDestroyer\02.WallDestroyer.csproj", "{B61785BE-C505-448C-8A5C-C024D82ABC0E}"
EndProject
Project("{9A19103F-16F7-4668-BE54-9A1E7A4F7556}") = "03.Renovators", "03. Renovators_Skeleton\03.Renovators.csproj", "{445D70B6-A003-4817-AC7C-3C20A76B1B39}"
EndProject
Project("{9A19103F-16F7-4668-BE54-9A1E7A4F7556}") = "02.TheBattleoftheFiveArmies", "02.TheBattleoftheFiveArmies\02.TheBattleoftheFiveArmies.csproj", "{20B67D9B-FC6D-4783-AD8B-315186A1741F}"
EndProject
Project("{9A19103F-16F7-4668-BE54-9A1E7A4F7556}") = "033.StreetRacing", "03. Street Racing_Skeleton\StreetRacing\033.StreetRacing.csproj", "{7C38564B-FD4E-4B25-8772-3A265231DD7D}"
EndProject
Project("{9A19103F-16F7-4668-BE54-9A1E7A4F7556}") = "03.SkiRental", "SkiRental\03.SkiRental.csproj", "{B27836E1-5182-4805-A450-293D7E6101E7}"
EndProject
Project("{9A19103F-16F7-4668-BE54-9A1E7A4F7556}") = "Basketball", "03. Basketball_Skeleton\Basketball.csproj", "{00A3CE07-9FF2-497F-A7D2-EB723F382EA7}"
EndProject
Project("{9A19103F-16F7-4668-BE54-9A1E7A4F7556}") = "Zoo", "zoo\Zoo\Zoo.csproj", "{DD503A41-D399-4785-AE5D-1B30C4482430}"
EndProject
Project("{9A19103F-16F7-4668-BE54-9A1E7A4F7556}") = "FishingNet", "FishingNet\FishingNet\FishingNet.csproj", "{E087D9FB-75DF-496D-BDBA-10F20BF42CA7}"
EndProject
Project("{9A19103F-16F7-4668-BE54-9A1E7A4F7556}") = "02.Armory", "02.Armory\02.Armory.csproj", "{0640C586-D3F3-4114-B557-1E7AC581CC77}"
EndProject
Project("{9A19103F-16F7-4668-BE54-9A1E7A4F7556}") = "Drones", "Drones\Drones\Drones.csproj", "{F446E221-C4DA-4EEE-8331-034BA025D6A8}"
EndProject
Project("{9A19103F-16F7-4668-BE54-9A1E7A4F7556}") = "01.MealPlan", "01.MealPlan\01.MealPlan.csproj", "{69BE00DE-4FEA-4321-BA7D-CEBA0122A3C1}"
EndProject
Project("{9A19103F-16F7-4668-BE54-9A1E7A4F7556}") = "01.BaristaContest", "01.BaristaContest\01.BaristaContest.csproj", "{99238863-E62C-4208-A9FE-D9A6212B291D}"
EndProject
Project("{9A19103F-16F7-4668-BE54-9A1E7A4F7556}") = "01.BirthayCelebration", "01.BirthayCelebration\01.BirthayCelebration.csproj", "{ADCA6E5E-89B6-4323-A80E-AB8B201C08F8}"
EndProject
Project("{9A19103F-16F7-4668-BE54-9A1E7A4F7556}") = "01.Masterchef", "01.Masterchef\01.Masterchef.csproj", "{0E9F4A02-70E2-435F-953C-E5E23EB672F5}"
EndProject
Project("{9A19103F-16F7-4668-BE54-9A1E7A4F7556}") = "02.BeaverAtWork", "02.BeaverAtWork\02.BeaverAtWork.csproj", "{A7DC808C-F6F6-454E-991E-B6C31A42AB09}"
EndProject
Project("{9A19103F-16F7-4668-BE54-9A1E7A4F7556}") = "02.Help-A-Mole", "02.Help-A-Mole\02.Help-A-Mole.csproj", "{BFFA7F67-31BD-48AA-B33D-D5B7D618EDB1}"
EndProject
Project("{9A19103F-16F7-4668-BE54-9A1E7A4F7556}") = "02.Survivor", "02.Survivor\02.Survivor.csproj", "{AA0101C0-F63C-4497-A8F6-766420995C7B}"
EndProject
Project("{9A19103F-16F7-4668-BE54-9A1E7A4F7556}") = "02.TruffleHunter", "02.TruffleHunter\02.TruffleHunter.csproj", "{87D657FD-3CCC-4A7B-9945-91467619D505}"
EndProject
Project("{9A19103F-16F7-4668-BE54-9A1E7A4F7556}") = "01.BakeryShop", "01.BakeryShop\01.BakeryShop.csproj", "{15654B29-D587-405D-BAE9-9D387AC9E6EE}"
EndProject
Project("{9A19103F-16F7-4668-BE54-9A1E7A4F7556}") = "Exam01.EnergyDrinks", "Exam01.EnergyDrinks\Exam01.EnergyDrinks.csproj", "{9119043A-E7FE-47F4-A841-CFB0279EB387}"
EndProject
Project("{9A19103F-16F7-4668-BE54-9A1E7A4F7556}") = "Exam02.RallyRacing", "Exam02.RallyRacing\Exam02.RallyRacing.csproj", "{6E86C632-BC01-466C-87B0-1D28F7ACF7DE}"
EndProject
Project("{9A19103F-16F7-4668-BE54-9A1E7A4F7556}") = "Exam03.ComputerArchitecture", "Exam03. Computer Architecture_Skeleton\Exam03.ComputerArchitecture.csproj", "{EFCCCCDF-60F3-445B-B5D4-D304B70270E1}"
EndProject
Global
	GlobalSection(SolutionConfigurationPlatforms) = preSolution
		Debug|Any CPU = Debug|Any CPU
		Release|Any CPU = Release|Any CPU
	EndGlobalSection
	GlobalSection(ProjectConfigurationPlatforms) = postSolution
		{1AFD04AC-2FBF-42FE-9A3D-C0B901090F09}.Debug|Any CPU.ActiveCfg = Debug|Any CPU
		{1AFD04AC-2FBF-42FE-9A3D-C0B901090F09}.Debug|Any CPU.Build.0 = Debug|Any CPU
		{1AFD04AC-2FBF-42FE-9A3D-C0B901090F09}.Release|Any CPU.ActiveCfg = Release|Any CPU
		{1AFD04AC-2FBF-42FE-9A3D-C0B901090F09}.Release|Any CPU.Build.0 = Release|Any CPU
		{B61785BE-C505-448C-8A5C-C024D82ABC0E}.Debug|Any CPU.ActiveCfg = Debug|Any CPU
		{B61785BE-C505-448C-8A5C-C024D82ABC0E}.Debug|Any CPU.Build.0 = Debug|Any CPU
		{B61785BE-C505-448C-8A5C-C024D82ABC0E}.Release|Any CPU.ActiveCfg = Release|Any CPU
		{B61785BE-C505-448C-8A5C-C024D82ABC0E}.Release|Any CPU.Build.0 = Release|Any CPU
		{445D70B6-A003-4817-AC7C-3C20A76B1B39}.Debug|Any CPU.ActiveCfg = Debug|Any CPU
		{445D70B6-A003-4817-AC7C-3C20A76B1B39}.Debug|Any CPU.Build.0 = Debug|Any CPU
		{445D70B6-A003-4817-AC7C-3C20A76B1B39}.Release|Any CPU.ActiveCfg = Release|Any CPU
		{445D70B6-A003-4817-AC7C-3C20A76B1B39}.Release|Any CPU.Build.0 = Release|Any CPU
		{20B67D9B-FC6D-4783-AD8B-315186A1741F}.Debug|Any CPU.ActiveCfg = Debug|Any CPU
		{20B67D9B-FC6D-4783-AD8B-315186A1741F}.Debug|Any CPU.Build.0 = Debug|Any CPU
		{20B67D9B-FC6D-4783-AD8B-315186A1741F}.Release|Any CPU.ActiveCfg = Release|Any CPU
		{20B67D9B-FC6D-4783-AD8B-315186A1741F}.Release|Any CPU.Build.0 = Release|Any CPU
		{7C38564B-FD4E-4B25-8772-3A265231DD7D}.Debug|Any CPU.ActiveCfg = Debug|Any CPU
		{7C38564B-FD4E-4B25-8772-3A265231DD7D}.Debug|Any CPU.Build.0 = Debug|Any CPU
		{7C38564B-FD4E-4B25-8772-3A265231DD7D}.Release|Any CPU.ActiveCfg = Release|Any CPU
		{7C38564B-FD4E-4B25-8772-3A265231DD7D}.Release|Any CPU.Build.0 = Release|Any CPU
		{B27836E1-5182-4805-A450-293D7E6101E7}.Debug|Any CPU.ActiveCfg = Debug|Any CPU
		{B27836E1-5182-4805-A450-293D7E6101E7}.Debug|Any CPU.Build.0 = Debug|Any CPU
		{B27836E1-5182-4805-A450-293D7E6101E7}.Release|Any CPU.ActiveCfg = Release|Any CPU
		{B27836E1-5182-4805-A450-293D7E6101E7}.Release|Any CPU.Build.0 = Release|Any CPU
		{00A3CE07-9FF2-497F-A7D2-EB723F382EA7}.Debug|Any CPU.ActiveCfg = Debug|Any CPU
		{00A3CE07-9FF2-497F-A7D2-EB723F382EA7}.Debug|Any CPU.Build.0 = Debug|Any CPU
		{00A3CE07-9FF2-497F-A7D2-EB723F382EA7}.Release|Any CPU.ActiveCfg = Release|Any CPU
		{00A3CE07-9FF2-497F-A7D2-EB723F382EA7}.Release|Any CPU.Build.0 = Release|Any CPU
		{DD503A41-D399-4785-AE5D-1B30C4482430}.Debug|Any CPU.ActiveCfg = Debug|Any CPU
		{DD503A41-D399-4785-AE5D-1B30C4482430}.Debug|Any CPU.Build.0 = Debug|Any CPU
		{DD503A41-D399-4785-AE5D-1B30C4482430}.Release|Any CPU.ActiveCfg = Release|Any CPU
		{DD503A41-D399-4785-AE5D-1B30C4482430}.Release|Any CPU.Build.0 = Release|Any CPU
		{E087D9FB-75DF-496D-BDBA-10F20BF42CA7}.Debug|Any CPU.ActiveCfg = Debug|Any CPU
		{E087D9FB-75DF-496D-BDBA-10F20BF42CA7}.Debug|Any CPU.Build.0 = Debug|Any CPU
		{E087D9FB-75DF-496D-BDBA-10F20BF42CA7}.Release|Any CPU.ActiveCfg = Release|Any CPU
		{E087D9FB-75DF-496D-BDBA-10F20BF42CA7}.Release|Any CPU.Build.0 = Release|Any CPU
		{0640C586-D3F3-4114-B557-1E7AC581CC77}.Debug|Any CPU.ActiveCfg = Debug|Any CPU
		{0640C586-D3F3-4114-B557-1E7AC581CC77}.Debug|Any CPU.Build.0 = Debug|Any CPU
		{0640C586-D3F3-4114-B557-1E7AC581CC77}.Release|Any CPU.ActiveCfg = Release|Any CPU
		{0640C586-D3F3-4114-B557-1E7AC581CC77}.Release|Any CPU.Build.0 = Release|Any CPU
		{F446E221-C4DA-4EEE-8331-034BA025D6A8}.Debug|Any CPU.ActiveCfg = Debug|Any CPU
		{F446E221-C4DA-4EEE-8331-034BA025D6A8}.Debug|Any CPU.Build.0 = Debug|Any CPU
		{F446E221-C4DA-4EEE-8331-034BA025D6A8}.Release|Any CPU.ActiveCfg = Release|Any CPU
		{F446E221-C4DA-4EEE-8331-034BA025D6A8}.Release|Any CPU.Build.0 = Release|Any CPU
		{69BE00DE-4FEA-4321-BA7D-CEBA0122A3C1}.Debug|Any CPU.ActiveCfg = Debug|Any CPU
		{69BE00DE-4FEA-4321-BA7D-CEBA0122A3C1}.Debug|Any CPU.Build.0 = Debug|Any CPU
		{69BE00DE-4FEA-4321-BA7D-CEBA0122A3C1}.Release|Any CPU.ActiveCfg = Release|Any CPU
		{69BE00DE-4FEA-4321-BA7D-CEBA0122A3C1}.Release|Any CPU.Build.0 = Release|Any CPU
		{99238863-E62C-4208-A9FE-D9A6212B291D}.Debug|Any CPU.ActiveCfg = Debug|Any CPU
		{99238863-E62C-4208-A9FE-D9A6212B291D}.Debug|Any CPU.Build.0 = Debug|Any CPU
		{99238863-E62C-4208-A9FE-D9A6212B291D}.Release|Any CPU.ActiveCfg = Release|Any CPU
		{99238863-E62C-4208-A9FE-D9A6212B291D}.Release|Any CPU.Build.0 = Release|Any CPU
		{ADCA6E5E-89B6-4323-A80E-AB8B201C08F8}.Debug|Any CPU.ActiveCfg = Debug|Any CPU
		{ADCA6E5E-89B6-4323-A80E-AB8B201C08F8}.Debug|Any CPU.Build.0 = Debug|Any CPU
		{ADCA6E5E-89B6-4323-A80E-AB8B201C08F8}.Release|Any CPU.ActiveCfg = Release|Any CPU
		{ADCA6E5E-89B6-4323-A80E-AB8B201C08F8}.Release|Any CPU.Build.0 = Release|Any CPU
		{0E9F4A02-70E2-435F-953C-E5E23EB672F5}.Debug|Any CPU.ActiveCfg = Debug|Any CPU
		{0E9F4A02-70E2-435F-953C-E5E23EB672F5}.Debug|Any CPU.Build.0 = Debug|Any CPU
		{0E9F4A02-70E2-435F-953C-E5E23EB672F5}.Release|Any CPU.ActiveCfg = Release|Any CPU
		{0E9F4A02-70E2-435F-953C-E5E23EB672F5}.Release|Any CPU.Build.0 = Release|Any CPU
		{A7DC808C-F6F6-454E-991E-B6C31A42AB09}.Debug|Any CPU.ActiveCfg = Debug|Any CPU
		{A7DC808C-F6F6-454E-991E-B6C31A42AB09}.Debug|Any CPU.Build.0 = Debug|Any CPU
		{A7DC808C-F6F6-454E-991E-B6C31A42AB09}.Release|Any CPU.ActiveCfg = Release|Any CPU
		{A7DC808C-F6F6-454E-991E-B6C31A42AB09}.Release|Any CPU.Build.0 = Release|Any CPU
		{BFFA7F67-31BD-48AA-B33D-D5B7D618EDB1}.Debug|Any CPU.ActiveCfg = Debug|Any CPU
		{BFFA7F67-31BD-48AA-B33D-D5B7D618EDB1}.Debug|Any CPU.Build.0 = Debug|Any CPU
		{BFFA7F67-31BD-48AA-B33D-D5B7D618EDB1}.Release|Any CPU.ActiveCfg = Release|Any CPU
		{BFFA7F67-31BD-48AA-B33D-D5B7D618EDB1}.Release|Any CPU.Build.0 = Release|Any CPU
		{AA0101C0-F63C-4497-A8F6-766420995C7B}.Debug|Any CPU.ActiveCfg = Debug|Any CPU
		{AA0101C0-F63C-4497-A8F6-766420995C7B}.Debug|Any CPU.Build.0 = Debug|Any CPU
		{AA0101C0-F63C-4497-A8F6-766420995C7B}.Release|Any CPU.ActiveCfg = Release|Any CPU
		{AA0101C0-F63C-4497-A8F6-766420995C7B}.Release|Any CPU.Build.0 = Release|Any CPU
		{87D657FD-3CCC-4A7B-9945-91467619D505}.Debug|Any CPU.ActiveCfg = Debug|Any CPU
		{87D657FD-3CCC-4A7B-9945-91467619D505}.Debug|Any CPU.Build.0 = Debug|Any CPU
		{87D657FD-3CCC-4A7B-9945-91467619D505}.Release|Any CPU.ActiveCfg = Release|Any CPU
		{87D657FD-3CCC-4A7B-9945-91467619D505}.Release|Any CPU.Build.0 = Release|Any CPU
		{15654B29-D587-405D-BAE9-9D387AC9E6EE}.Debug|Any CPU.ActiveCfg = Debug|Any CPU
		{15654B29-D587-405D-BAE9-9D387AC9E6EE}.Debug|Any CPU.Build.0 = Debug|Any CPU
		{15654B29-D587-405D-BAE9-9D387AC9E6EE}.Release|Any CPU.ActiveCfg = Release|Any CPU
		{15654B29-D587-405D-BAE9-9D387AC9E6EE}.Release|Any CPU.Build.0 = Release|Any CPU
		{9119043A-E7FE-47F4-A841-CFB0279EB387}.Debug|Any CPU.ActiveCfg = Debug|Any CPU
		{9119043A-E7FE-47F4-A841-CFB0279EB387}.Debug|Any CPU.Build.0 = Debug|Any CPU
		{9119043A-E7FE-47F4-A841-CFB0279EB387}.Release|Any CPU.ActiveCfg = Release|Any CPU
		{9119043A-E7FE-47F4-A841-CFB0279EB387}.Release|Any CPU.Build.0 = Release|Any CPU
		{6E86C632-BC01-466C-87B0-1D28F7ACF7DE}.Debug|Any CPU.ActiveCfg = Debug|Any CPU
		{6E86C632-BC01-466C-87B0-1D28F7ACF7DE}.Debug|Any CPU.Build.0 = Debug|Any CPU
		{6E86C632-BC01-466C-87B0-1D28F7ACF7DE}.Release|Any CPU.ActiveCfg = Release|Any CPU
		{6E86C632-BC01-466C-87B0-1D28F7ACF7DE}.Release|Any CPU.Build.0 = Release|Any CPU
		{EFCCCCDF-60F3-445B-B5D4-D304B70270E1}.Debug|Any CPU.ActiveCfg = Debug|Any CPU
		{EFCCCCDF-60F3-445B-B5D4-D304B70270E1}.Debug|Any CPU.Build.0 = Debug|Any CPU
		{EFCCCCDF-60F3-445B-B5D4-D304B70270E1}.Release|Any CPU.ActiveCfg = Release|Any CPU
		{EFCCCCDF-60F3-445B-B5D4-D304B70270E1}.Release|Any CPU.Build.0 = Release|Any CPU
	EndGlobalSection
	GlobalSection(SolutionProperties) = preSolution
		HideSolutionNode = FALSE
	EndGlobalSection
	GlobalSection(ExtensibilityGlobals) = postSolution
		SolutionGuid = {E8782712-BAA7-4670-BCCB-62080D057F52}
	EndGlobalSection
EndGlobal
